// !$*UTF8*$!
{
	archiveVersion = 1;
	classes = {
	};
	objectVersion = 50;
	objects = {

/* Begin PBXBuildFile section */
		4C1F4747209FCC6300003F8F /* AppDelegate.swift in Sources */ = {isa = PBXBuildFile; fileRef = 4C1F4746209FCC6300003F8F /* AppDelegate.swift */; };
		4C1F4749209FCC6300003F8F /* ViewController.swift in Sources */ = {isa = PBXBuildFile; fileRef = 4C1F4748209FCC6300003F8F /* ViewController.swift */; };
		4C1F474C209FCC6300003F8F /* Main.storyboard in Resources */ = {isa = PBXBuildFile; fileRef = 4C1F474A209FCC6300003F8F /* Main.storyboard */; };
		4C1F474E209FCC6400003F8F /* Assets.xcassets in Resources */ = {isa = PBXBuildFile; fileRef = 4C1F474D209FCC6400003F8F /* Assets.xcassets */; };
		4C1F4751209FCC6400003F8F /* LaunchScreen.storyboard in Resources */ = {isa = PBXBuildFile; fileRef = 4C1F474F209FCC6400003F8F /* LaunchScreen.storyboard */; };
		577A879673E0C3FF860CAA16 /* Pods_ShredAhead.framework in Frameworks */ = {isa = PBXBuildFile; fileRef = 2E39361D376243A20FBDE926 /* Pods_ShredAhead.framework */; };
/* End PBXBuildFile section */

/* Begin PBXFileReference section */
		2E39361D376243A20FBDE926 /* Pods_ShredAhead.framework */ = {isa = PBXFileReference; explicitFileType = wrapper.framework; includeInIndex = 0; path = Pods_ShredAhead.framework; sourceTree = BUILT_PRODUCTS_DIR; };
		4C1F4743209FCC6300003F8F /* ShredAhead.app */ = {isa = PBXFileReference; explicitFileType = wrapper.application; includeInIndex = 0; path = ShredAhead.app; sourceTree = BUILT_PRODUCTS_DIR; };
		4C1F4746209FCC6300003F8F /* AppDelegate.swift */ = {isa = PBXFileReference; lastKnownFileType = sourcecode.swift; path = AppDelegate.swift; sourceTree = "<group>"; };
		4C1F4748209FCC6300003F8F /* ViewController.swift */ = {isa = PBXFileReference; lastKnownFileType = sourcecode.swift; path = ViewController.swift; sourceTree = "<group>"; };
		4C1F474B209FCC6300003F8F /* Base */ = {isa = PBXFileReference; lastKnownFileType = file.storyboard; name = Base; path = Base.lproj/Main.storyboard; sourceTree = "<group>"; };
		4C1F474D209FCC6400003F8F /* Assets.xcassets */ = {isa = PBXFileReference; lastKnownFileType = folder.assetcatalog; path = Assets.xcassets; sourceTree = "<group>"; };
		4C1F4750209FCC6400003F8F /* Base */ = {isa = PBXFileReference; lastKnownFileType = file.storyboard; name = Base; path = Base.lproj/LaunchScreen.storyboard; sourceTree = "<group>"; };
		4C1F4752209FCC6400003F8F /* Info.plist */ = {isa = PBXFileReference; lastKnownFileType = text.plist.xml; path = Info.plist; sourceTree = "<group>"; };
		5B20BFCF22D792A0DA0648D5 /* Pods-ShredAhead.debug.xcconfig */ = {isa = PBXFileReference; includeInIndex = 1; lastKnownFileType = text.xcconfig; name = "Pods-ShredAhead.debug.xcconfig"; path = "Pods/Target Support Files/Pods-ShredAhead/Pods-ShredAhead.debug.xcconfig"; sourceTree = "<group>"; };
		BBA3E3905A78E1A93FC8B389 /* Pods-ShredAhead.release.xcconfig */ = {isa = PBXFileReference; includeInIndex = 1; lastKnownFileType = text.xcconfig; name = "Pods-ShredAhead.release.xcconfig"; path = "Pods/Target Support Files/Pods-ShredAhead/Pods-ShredAhead.release.xcconfig"; sourceTree = "<group>"; };
/* End PBXFileReference section */

/* Begin PBXFrameworksBuildPhase section */
		4C1F4740209FCC6300003F8F /* Frameworks */ = {
			isa = PBXFrameworksBuildPhase;
			buildActionMask = 2147483647;
			files = (
				577A879673E0C3FF860CAA16 /* Pods_ShredAhead.framework in Frameworks */,
			);
			runOnlyForDeploymentPostprocessing = 0;
		};
/* End PBXFrameworksBuildPhase section */

/* Begin PBXGroup section */
		4C1F473A209FCC6300003F8F = {
			isa = PBXGroup;
			children = (
				4C1F4745209FCC6300003F8F /* ShredAhead */,
				4C1F4744209FCC6300003F8F /* Products */,
				E3EC7C28730C0CDB914D9537 /* Pods */,
				6C8C2C44BC8B21B9FF6ECF85 /* Frameworks */,
			);
			sourceTree = "<group>";
		};
		4C1F4744209FCC6300003F8F /* Products */ = {
			isa = PBXGroup;
			children = (
				4C1F4743209FCC6300003F8F /* ShredAhead.app */,
			);
			name = Products;
			sourceTree = "<group>";
		};
		4C1F4745209FCC6300003F8F /* ShredAhead */ = {
			isa = PBXGroup;
			children = (
				4C1F4746209FCC6300003F8F /* AppDelegate.swift */,
				4C1F4748209FCC6300003F8F /* ViewController.swift */,
				4C1F474A209FCC6300003F8F /* Main.storyboard */,
				4C1F474D209FCC6400003F8F /* Assets.xcassets */,
				4C1F474F209FCC6400003F8F /* LaunchScreen.storyboard */,
				4C1F4752209FCC6400003F8F /* Info.plist */,
			);
			path = ShredAhead;
			sourceTree = "<group>";
		};
		6C8C2C44BC8B21B9FF6ECF85 /* Frameworks */ = {
			isa = PBXGroup;
			children = (
				2E39361D376243A20FBDE926 /* Pods_ShredAhead.framework */,
			);
			name = Frameworks;
			sourceTree = "<group>";
		};
		E3EC7C28730C0CDB914D9537 /* Pods */ = {
			isa = PBXGroup;
			children = (
				5B20BFCF22D792A0DA0648D5 /* Pods-ShredAhead.debug.xcconfig */,
				BBA3E3905A78E1A93FC8B389 /* Pods-ShredAhead.release.xcconfig */,
			);
			name = Pods;
			sourceTree = "<group>";
		};
/* End PBXGroup section */

/* Begin PBXNativeTarget section */
		4C1F4742209FCC6300003F8F /* ShredAhead */ = {
			isa = PBXNativeTarget;
			buildConfigurationList = 4C1F4755209FCC6400003F8F /* Build configuration list for PBXNativeTarget "ShredAhead" */;
			buildPhases = (
				0F70BF8253744F6A0042BABD /* [CP] Check Pods Manifest.lock */,
				4C1F473F209FCC6300003F8F /* Sources */,
				4C1F4740209FCC6300003F8F /* Frameworks */,
				4C1F4741209FCC6300003F8F /* Resources */,
				9964EF3E2C86702C6927E315 /* [CP] Embed Pods Frameworks */,
				C48AF077F7A5A8DBEB224C5C /* [CP] Copy Pods Resources */,
			);
			buildRules = (
			);
			dependencies = (
			);
			name = ShredAhead;
			productName = ShredAhead;
			productReference = 4C1F4743209FCC6300003F8F /* ShredAhead.app */;
			productType = "com.apple.product-type.application";
		};
/* End PBXNativeTarget section */

/* Begin PBXProject section */
		4C1F473B209FCC6300003F8F /* Project object */ = {
			isa = PBXProject;
			attributes = {
				LastSwiftUpdateCheck = 0930;
				LastUpgradeCheck = 0930;
				ORGANIZATIONNAME = "Heavy Decibels";
				TargetAttributes = {
					4C1F4742209FCC6300003F8F = {
						CreatedOnToolsVersion = 9.3;
					};
				};
			};
			buildConfigurationList = 4C1F473E209FCC6300003F8F /* Build configuration list for PBXProject "ShredAhead" */;
			compatibilityVersion = "Xcode 9.3";
			developmentRegion = en;
			hasScannedForEncodings = 0;
			knownRegions = (
				en,
				Base,
			);
			mainGroup = 4C1F473A209FCC6300003F8F;
			productRefGroup = 4C1F4744209FCC6300003F8F /* Products */;
			projectDirPath = "";
			projectRoot = "";
			targets = (
				4C1F4742209FCC6300003F8F /* ShredAhead */,
			);
		};
/* End PBXProject section */

/* Begin PBXResourcesBuildPhase section */
		4C1F4741209FCC6300003F8F /* Resources */ = {
			isa = PBXResourcesBuildPhase;
			buildActionMask = 2147483647;
			files = (
				4C1F4751209FCC6400003F8F /* LaunchScreen.storyboard in Resources */,
				4C1F474E209FCC6400003F8F /* Assets.xcassets in Resources */,
				4C1F474C209FCC6300003F8F /* Main.storyboard in Resources */,
			);
			runOnlyForDeploymentPostprocessing = 0;
		};
/* End PBXResourcesBuildPhase section */

/* Begin PBXShellScriptBuildPhase section */
		0F70BF8253744F6A0042BABD /* [CP] Check Pods Manifest.lock */ = {
			isa = PBXShellScriptBuildPhase;
			buildActionMask = 2147483647;
			files = (
			);
			inputPaths = (
				"${PODS_PODFILE_DIR_PATH}/Podfile.lock",
				"${PODS_ROOT}/Manifest.lock",
			);
			name = "[CP] Check Pods Manifest.lock";
			outputPaths = (
				"$(DERIVED_FILE_DIR)/Pods-ShredAhead-checkManifestLockResult.txt",
			);
			runOnlyForDeploymentPostprocessing = 0;
			shellPath = /bin/sh;
			shellScript = "diff \"${PODS_PODFILE_DIR_PATH}/Podfile.lock\" \"${PODS_ROOT}/Manifest.lock\" > /dev/null\nif [ $? != 0 ] ; then\n    # print error to STDERR\n    echo \"error: The sandbox is not in sync with the Podfile.lock. Run 'pod install' or update your CocoaPods installation.\" >&2\n    exit 1\nfi\n# This output is used by Xcode 'outputs' to avoid re-running this script phase.\necho \"SUCCESS\" > \"${SCRIPT_OUTPUT_FILE_0}\"\n";
			showEnvVarsInLog = 0;
		};
		9964EF3E2C86702C6927E315 /* [CP] Embed Pods Frameworks */ = {
			isa = PBXShellScriptBuildPhase;
			buildActionMask = 2147483647;
			files = (
			);
			inputPaths = (
			);
			name = "[CP] Embed Pods Frameworks";
			outputPaths = (
			);
			runOnlyForDeploymentPostprocessing = 0;
			shellPath = /bin/sh;
			shellScript = "\"${SRCROOT}/Pods/Target Support Files/Pods-ShredAhead/Pods-ShredAhead-frameworks.sh\"\n";
			showEnvVarsInLog = 0;
		};
		C48AF077F7A5A8DBEB224C5C /* [CP] Copy Pods Resources */ = {
			isa = PBXShellScriptBuildPhase;
			buildActionMask = 2147483647;
			files = (
			);
			inputPaths = (
			);
			name = "[CP] Copy Pods Resources";
			outputPaths = (
			);
			runOnlyForDeploymentPostprocessing = 0;
			shellPath = /bin/sh;
			shellScript = "\"${SRCROOT}/Pods/Target Support Files/Pods-ShredAhead/Pods-ShredAhead-resources.sh\"\n";
			showEnvVarsInLog = 0;
		};
/* End PBXShellScriptBuildPhase section */

/* Begin PBXSourcesBuildPhase section */
		4C1F473F209FCC6300003F8F /* Sources */ = {
			isa = PBXSourcesBuildPhase;
			buildActionMask = 2147483647;
			files = (
				4C1F4749209FCC6300003F8F /* ViewController.swift in Sources */,
				4C1F4747209FCC6300003F8F /* AppDelegate.swift in Sources */,
			);
			runOnlyForDeploymentPostprocessing = 0;
		};
/* End PBXSourcesBuildPhase section */

/* Begin PBXVariantGroup section */
		4C1F474A209FCC6300003F8F /* Main.storyboard */ = {
			isa = PBXVariantGroup;
			children = (
				4C1F474B209FCC6300003F8F /* Base */,
			);
			name = Main.storyboard;
			sourceTree = "<group>";
		};
		4C1F474F209FCC6400003F8F /* LaunchScreen.storyboard */ = {
			isa = PBXVariantGroup;
			children = (
				4C1F4750209FCC6400003F8F /* Base */,
			);
			name = LaunchScreen.storyboard;
			sourceTree = "<group>";
		};
/* End PBXVariantGroup section */

/* Begin XCBuildConfiguration section */
		4C1F4753209FCC6400003F8F /* Debug */ = {
			isa = XCBuildConfiguration;
			buildSettings = {
				ALWAYS_SEARCH_USER_PATHS = NO;
				CLANG_ANALYZER_NONNULL = YES;
				CLANG_ANALYZER_NUMBER_OBJECT_CONVERSION = YES_AGGRESSIVE;
				CLANG_CXX_LANGUAGE_STANDARD = "gnu++14";
				CLANG_CXX_LIBRARY = "libc++";
				CLANG_ENABLE_MODULES = YES;
				CLANG_ENABLE_OBJC_ARC = YES;
				CLANG_ENABLE_OBJC_WEAK = YES;
				CLANG_WARN_BLOCK_CAPTURE_AUTORELEASING = YES;
				CLANG_WARN_BOOL_CONVERSION = YES;
				CLANG_WARN_COMMA = YES;
				CLANG_WARN_CONSTANT_CONVERSION = YES;
				CLANG_WARN_DEPRECATED_OBJC_IMPLEMENTATIONS = YES;
				CLANG_WARN_DIRECT_OBJC_ISA_USAGE = YES_ERROR;
				CLANG_WARN_DOCUMENTATION_COMMENTS = YES;
				CLANG_WARN_EMPTY_BODY = YES;
				CLANG_WARN_ENUM_CONVERSION = YES;
				CLANG_WARN_INFINITE_RECURSION = YES;
				CLANG_WARN_INT_CONVERSION = YES;
				CLANG_WARN_NON_LITERAL_NULL_CONVERSION = YES;
				CLANG_WARN_OBJC_IMPLICIT_RETAIN_SELF = YES;
				CLANG_WARN_OBJC_LITERAL_CONVERSION = YES;
				CLANG_WARN_OBJC_ROOT_CLASS = YES_ERROR;
				CLANG_WARN_RANGE_LOOP_ANALYSIS = YES;
				CLANG_WARN_STRICT_PROTOTYPES = YES;
				CLANG_WARN_SUSPICIOUS_MOVE = YES;
				CLANG_WARN_UNGUARDED_AVAILABILITY = YES_AGGRESSIVE;
				CLANG_WARN_UNREACHABLE_CODE = YES;
				CLANG_WARN__DUPLICATE_METHOD_MATCH = YES;
				CODE_SIGN_IDENTITY = "iPhone Developer";
				COPY_PHASE_STRIP = NO;
				DEBUG_INFORMATION_FORMAT = dwarf;
				ENABLE_STRICT_OBJC_MSGSEND = YES;
				ENABLE_TESTABILITY = YES;
				GCC_C_LANGUAGE_STANDARD = gnu11;
				GCC_DYNAMIC_NO_PIC = NO;
				GCC_NO_COMMON_BLOCKS = YES;
				GCC_OPTIMIZATION_LEVEL = 0;
				GCC_PREPROCESSOR_DEFINITIONS = (
					"DEBUG=1",
					"$(inherited)",
				);
				GCC_WARN_64_TO_32_BIT_CONVERSION = YES;
				GCC_WARN_ABOUT_RETURN_TYPE = YES_ERROR;
				GCC_WARN_UNDECLARED_SELECTOR = YES;
				GCC_WARN_UNINITIALIZED_AUTOS = YES_AGGRESSIVE;
				GCC_WARN_UNUSED_FUNCTION = YES;
				GCC_WARN_UNUSED_VARIABLE = YES;
				IPHONEOS_DEPLOYMENT_TARGET = 11.3;
				MTL_ENABLE_DEBUG_INFO = YES;
				ONLY_ACTIVE_ARCH = YES;
				SDKROOT = iphoneos;
				SWIFT_ACTIVE_COMPILATION_CONDITIONS = DEBUG;
				SWIFT_OPTIMIZATION_LEVEL = "-Onone";
			};
			name = Debug;
		};
		4C1F4754209FCC6400003F8F /* Release */ = {
			isa = XCBuildConfiguration;
			buildSettings = {
				ALWAYS_SEARCH_USER_PATHS = NO;
				CLANG_ANALYZER_NONNULL = YES;
				CLANG_ANALYZER_NUMBER_OBJECT_CONVERSION = YES_AGGRESSIVE;
				CLANG_CXX_LANGUAGE_STANDARD = "gnu++14";
				CLANG_CXX_LIBRARY = "libc++";
				CLANG_ENABLE_MODULES = YES;
				CLANG_ENABLE_OBJC_ARC = YES;
				CLANG_ENABLE_OBJC_WEAK = YES;
				CLANG_WARN_BLOCK_CAPTURE_AUTORELEASING = YES;
				CLANG_WARN_BOOL_CONVERSION = YES;
				CLANG_WARN_COMMA = YES;
				CLANG_WARN_CONSTANT_CONVERSION = YES;
				CLANG_WARN_DEPRECATED_OBJC_IMPLEMENTATIONS = YES;
				CLANG_WARN_DIRECT_OBJC_ISA_USAGE = YES_ERROR;
				CLANG_WARN_DOCUMENTATION_COMMENTS = YES;
				CLANG_WARN_EMPTY_BODY = YES;
				CLANG_WARN_ENUM_CONVERSION = YES;
				CLANG_WARN_INFINITE_RECURSION = YES;
				CLANG_WARN_INT_CONVERSION = YES;
				CLANG_WARN_NON_LITERAL_NULL_CONVERSION = YES;
				CLANG_WARN_OBJC_IMPLICIT_RETAIN_SELF = YES;
				CLANG_WARN_OBJC_LITERAL_CONVERSION = YES;
				CLANG_WARN_OBJC_ROOT_CLASS = YES_ERROR;
				CLANG_WARN_RANGE_LOOP_ANALYSIS = YES;
				CLANG_WARN_STRICT_PROTOTYPES = YES;
				CLANG_WARN_SUSPICIOUS_MOVE = YES;
				CLANG_WARN_UNGUARDED_AVAILABILITY = YES_AGGRESSIVE;
				CLANG_WARN_UNREACHABLE_CODE = YES;
				CLANG_WARN__DUPLICATE_METHOD_MATCH = YES;
				CODE_SIGN_IDENTITY = "iPhone Developer";
				COPY_PHASE_STRIP = NO;
				DEBUG_INFORMATION_FORMAT = "dwarf-with-dsym";
				ENABLE_NS_ASSERTIONS = NO;
				ENABLE_STRICT_OBJC_MSGSEND = YES;
				GCC_C_LANGUAGE_STANDARD = gnu11;
				GCC_NO_COMMON_BLOCKS = YES;
				GCC_WARN_64_TO_32_BIT_CONVERSION = YES;
				GCC_WARN_ABOUT_RETURN_TYPE = YES_ERROR;
				GCC_WARN_UNDECLARED_SELECTOR = YES;
				GCC_WARN_UNINITIALIZED_AUTOS = YES_AGGRESSIVE;
				GCC_WARN_UNUSED_FUNCTION = YES;
				GCC_WARN_UNUSED_VARIABLE = YES;
				IPHONEOS_DEPLOYMENT_TARGET = 11.3;
				MTL_ENABLE_DEBUG_INFO = NO;
				SDKROOT = iphoneos;
				SWIFT_COMPILATION_MODE = wholemodule;
				SWIFT_OPTIMIZATION_LEVEL = "-O";
				VALIDATE_PRODUCT = YES;
			};
			name = Release;
		};
		4C1F4756209FCC6400003F8F /* Debug */ = {
			isa = XCBuildConfiguration;
			baseConfigurationReference = 5B20BFCF22D792A0DA0648D5 /* Pods-ShredAhead.debug.xcconfig */;
			buildSettings = {
				ASSETCATALOG_COMPILER_APPICON_NAME = AppIcon;
				CODE_SIGN_STYLE = Automatic;
				DEVELOPMENT_TEAM = 3S2BQ996P8;
				INFOPLIST_FILE = ShredAhead/Info.plist;
				LD_RUNPATH_SEARCH_PATHS = "$(inherited) @executable_path/Frameworks";
				PRODUCT_BUNDLE_IDENTIFIER = hdbs.ShredAhead;
				PRODUCT_NAME = "$(TARGET_NAME)";
				SWIFT_VERSION = 4.0;
				TARGETED_DEVICE_FAMILY = "1,2";
			};
			name = Debug;
		};
		4C1F4757209FCC6400003F8F /* Release */ = {
			isa = XCBuildConfiguration;
			baseConfigurationReference = BBA3E3905A78E1A93FC8B389 /* Pods-ShredAhead.release.xcconfig */;
			buildSettings = {
				ASSETCATALOG_COMPILER_APPICON_NAME = AppIcon;
				CODE_SIGN_STYLE = Automatic;
				DEVELOPMENT_TEAM = 3S2BQ996P8;
				INFOPLIST_FILE = ShredAhead/Info.plist;
				LD_RUNPATH_SEARCH_PATHS = "$(inherited) @executable_path/Frameworks";
				PRODUCT_BUNDLE_IDENTIFIER = hdbs.ShredAhead;
				PRODUCT_NAME = "$(TARGET_NAME)";
				SWIFT_VERSION = 4.0;
				TARGETED_DEVICE_FAMILY = "1,2";
			};
			name = Release;
		};
/* End XCBuildConfiguration section */

/* Begin XCConfigurationList section */
		4C1F473E209FCC6300003F8F /* Build configuration list for PBXProject "ShredAhead" */ = {
			isa = XCConfigurationList;
			buildConfigurations = (
				4C1F4753209FCC6400003F8F /* Debug */,
				4C1F4754209FCC6400003F8F /* Release */,
			);
			defaultConfigurationIsVisible = 0;
			defaultConfigurationName = Release;
		};
		4C1F4755209FCC6400003F8F /* Build configuration list for PBXNativeTarget "ShredAhead" */ = {
			isa = XCConfigurationList;
			buildConfigurations = (
				4C1F4756209FCC6400003F8F /* Debug */,
				4C1F4757209FCC6400003F8F /* Release */,
			);
			defaultConfigurationIsVisible = 0;
			defaultConfigurationName = Release;
		};
/* End XCConfigurationList section */
	};
	rootObject = 4C1F473B209FCC6300003F8F /* Project object */;
}
